{
  "pins" : [
    {
      "identity" : "rxgesture",
      "kind" : "remoteSourceControl",
      "location" : "https://github.com/RxSwiftCommunity/RxGesture",
      "state" : {
        "revision" : "1b137c576b4aaaab949235752278956697c9e4a0",
        "version" : "4.0.4"
      }
    },
    {
      "identity" : "rxswift",
      "kind" : "remoteSourceControl",
      "location" : "https://github.com/ReactiveX/RxSwift.git",
      "state" : {
        "revision" : "b4307ba0b6425c0ba4178e138799946c3da594f8",
        "version" : "6.5.0"
      }
    },
    {
      "identity" : "snapkitbinaries",
      "kind" : "remoteSourceControl",
      "location" : "https://github.com/iznv/SnapKitBinaries",
      "state" : {
        "revision" : "6eaef6db06e2e6713b2d68098f0a9723d460bef4",
        "version" : "5.6.0"
      }
    },
    {
      "identity" : "tablekitbinaries",
      "kind" : "remoteSourceControl",
      "location" : "https://github.com/iznv/TableKitBinaries",
      "state" : {
        "revision" : "b0f99bb95c1caca58c7bdcf8bb30333cdfc2cbed",
        "version" : "2.11.0"
      }
    }
  ],
  "version" : 2
}
