{
  "pins" : [
    {
      "identity" : "rxswiftbinaries",
      "kind" : "remoteSourceControl",
      "location" : "https://github.com/iznv/RxSwiftBinaries",
      "state" : {
        "revision" : "d268cec345e0b1fc6acd5996fde6d23e0c5f955c",
        "version" : "6.5.0"
      }
    },
    {
      "identity" : "snapkitbinaries",
      "kind" : "remoteSourceControl",
      "location" : "https://github.com/iznv/SnapKitBinaries",
      "state" : {
        "revision" : "6eaef6db06e2e6713b2d68098f0a9723d460bef4",
        "version" : "5.6.0"
      }
    },
    {
      "identity" : "tablekitbinaries",
      "kind" : "remoteSourceControl",
      "location" : "https://github.com/iznv/TableKitBinaries",
      "state" : {
        "revision" : "b0f99bb95c1caca58c7bdcf8bb30333cdfc2cbed",
        "version" : "2.11.0"
      }
    }
  ],
  "version" : 2
}
